
Microsoft Visual Studio Solution File, Format Version 12.00
# Visual Studio 15
VisualStudioVersion = 15.0.28307.421
MinimumVisualStudioVersion = 10.0.40219.1
Project("{FAE04EC0-301F-11D3-BF4B-00C04F79EFBC}") = "CRMFacilitoInicial", "CRMFacilitoInicial\CRMFacilitoInicial.csproj", "{759D2EAD-8CC6-4AC5-8646-D7751DC8DD59}"
EndProject
Global
	GlobalSection(SolutionConfigurationPlatforms) = preSolution
		Debug|Any CPU = Debug|Any CPU
		Release|Any CPU = Release|Any CPU
	EndGlobalSection
	GlobalSection(ProjectConfigurationPlatforms) = postSolution
		{759D2EAD-8CC6-4AC5-8646-D7751DC8DD59}.Debug|Any CPU.ActiveCfg = Debug|Any CPU
		{759D2EAD-8CC6-4AC5-8646-D7751DC8DD59}.Debug|Any CPU.Build.0 = Debug|Any CPU
		{759D2EAD-8CC6-4AC5-8646-D7751DC8DD59}.Release|Any CPU.ActiveCfg = Release|Any CPU
		{759D2EAD-8CC6-4AC5-8646-D7751DC8DD59}.Release|Any CPU.Build.0 = Release|Any CPU
	EndGlobalSection
	GlobalSection(SolutionProperties) = preSolution
		HideSolutionNode = FALSE
	EndGlobalSection
	GlobalSection(ExtensibilityGlobals) = postSolution
		SolutionGuid = {36364DD2-15A0-4D78-9502-B3DD31AF6F60}
	EndGlobalSection
EndGlobal
